// !$*UTF8*$!
{
	archiveVersion = 1;
	classes = {
	};
	objectVersion = 46;
	objects = {

/* Begin PBXBuildFile section */
		31A5834A82AC43C7E66DD0B7 /* libPods-ZJHRefresh.a in Frameworks */ = {isa = PBXBuildFile; fileRef = 6B80CAB737A7874FE0F50963 /* libPods-ZJHRefresh.a */; };
		47A7B51E1CBA4D7300153662 /* main.m in Sources */ = {isa = PBXBuildFile; fileRef = 47A7B51D1CBA4D7300153662 /* main.m */; };
		47A7B5211CBA4D7300153662 /* AppDelegate.m in Sources */ = {isa = PBXBuildFile; fileRef = 47A7B5201CBA4D7300153662 /* AppDelegate.m */; };
		47A7B5241CBA4D7300153662 /* ViewController.m in Sources */ = {isa = PBXBuildFile; fileRef = 47A7B5231CBA4D7300153662 /* ViewController.m */; };
		47A7B5271CBA4D7300153662 /* Main.storyboard in Resources */ = {isa = PBXBuildFile; fileRef = 47A7B5251CBA4D7300153662 /* Main.storyboard */; };
		47A7B5291CBA4D7300153662 /* Assets.xcassets in Resources */ = {isa = PBXBuildFile; fileRef = 47A7B5281CBA4D7300153662 /* Assets.xcassets */; };
		47A7B52C1CBA4D7300153662 /* LaunchScreen.storyboard in Resources */ = {isa = PBXBuildFile; fileRef = 47A7B52A1CBA4D7300153662 /* LaunchScreen.storyboard */; };
		47A7B5371CBA4D7300153662 /* ZJHRefreshTests.m in Sources */ = {isa = PBXBuildFile; fileRef = 47A7B5361CBA4D7300153662 /* ZJHRefreshTests.m */; };
		47A7B5421CBA4D7300153662 /* ZJHRefreshUITests.m in Sources */ = {isa = PBXBuildFile; fileRef = 47A7B5411CBA4D7300153662 /* ZJHRefreshUITests.m */; };
		47AE1FD51F30202600B6E8A7 /* ZJHRefreshHeaderBaseView.m in Sources */ = {isa = PBXBuildFile; fileRef = 47AE1FD41F30202600B6E8A7 /* ZJHRefreshHeaderBaseView.m */; };
		47AE1FD81F30642600B6E8A7 /* ZJHRefreshHeaderSimpleStatusView.m in Sources */ = {isa = PBXBuildFile; fileRef = 47AE1FD71F30642600B6E8A7 /* ZJHRefreshHeaderSimpleStatusView.m */; };
		47AE1FDB1F307F7E00B6E8A7 /* refresh_blackArrow_down@2x.png in Resources */ = {isa = PBXBuildFile; fileRef = 47AE1FDA1F307F7E00B6E8A7 /* refresh_blackArrow_down@2x.png */; };
		47AE1FDE1F3081C700B6E8A7 /* ZJHRefreshHeaderAnimatePercentView.m in Sources */ = {isa = PBXBuildFile; fileRef = 47AE1FDD1F3081C700B6E8A7 /* ZJHRefreshHeaderAnimatePercentView.m */; };
		47AE1FE01F30829A00B6E8A7 /* refresh_animate_percent_loading@2x.png in Resources */ = {isa = PBXBuildFile; fileRef = 47AE1FDF1F30829A00B6E8A7 /* refresh_animate_percent_loading@2x.png */; };
		47AE1FE31F30942300B6E8A7 /* SimpleStatusRefreshViewController.m in Sources */ = {isa = PBXBuildFile; fileRef = 47AE1FE21F30942300B6E8A7 /* SimpleStatusRefreshViewController.m */; };
		47AE1FE61F30943A00B6E8A7 /* AnimatePercentRefreshViewController.m in Sources */ = {isa = PBXBuildFile; fileRef = 47AE1FE51F30943A00B6E8A7 /* AnimatePercentRefreshViewController.m */; };
		52D3F4919713E809594B2C14 /* libPods-ZJHRefreshUITests.a in Frameworks */ = {isa = PBXBuildFile; fileRef = AC2F537F73E7D7433816E00F /* libPods-ZJHRefreshUITests.a */; };
		9E8456C689E5D46882927EB4 /* libPods-ZJHRefreshTests.a in Frameworks */ = {isa = PBXBuildFile; fileRef = 8F22564A49C9A3058D31D545 /* libPods-ZJHRefreshTests.a */; };
/* End PBXBuildFile section */

/* Begin PBXContainerItemProxy section */
		47A7B5331CBA4D7300153662 /* PBXContainerItemProxy */ = {
			isa = PBXContainerItemProxy;
			containerPortal = 47A7B5111CBA4D7300153662 /* Project object */;
			proxyType = 1;
			remoteGlobalIDString = 47A7B5181CBA4D7300153662;
			remoteInfo = ZJHRefresh;
		};
		47A7B53E1CBA4D7300153662 /* PBXContainerItemProxy */ = {
			isa = PBXContainerItemProxy;
			containerPortal = 47A7B5111CBA4D7300153662 /* Project object */;
			proxyType = 1;
			remoteGlobalIDString = 47A7B5181CBA4D7300153662;
			remoteInfo = ZJHRefresh;
		};
/* End PBXContainerItemProxy section */

/* Begin PBXFileReference section */
		47A7B5191CBA4D7300153662 /* ZJHRefresh.app */ = {isa = PBXFileReference; explicitFileType = wrapper.application; includeInIndex = 0; path = ZJHRefresh.app; sourceTree = BUILT_PRODUCTS_DIR; };
		47A7B51D1CBA4D7300153662 /* main.m */ = {isa = PBXFileReference; lastKnownFileType = sourcecode.c.objc; path = main.m; sourceTree = "<group>"; };
		47A7B51F1CBA4D7300153662 /* AppDelegate.h */ = {isa = PBXFileReference; lastKnownFileType = sourcecode.c.h; path = AppDelegate.h; sourceTree = "<group>"; };
		47A7B5201CBA4D7300153662 /* AppDelegate.m */ = {isa = PBXFileReference; lastKnownFileType = sourcecode.c.objc; path = AppDelegate.m; sourceTree = "<group>"; };
		47A7B5221CBA4D7300153662 /* ViewController.h */ = {isa = PBXFileReference; lastKnownFileType = sourcecode.c.h; path = ViewController.h; sourceTree = "<group>"; };
		47A7B5231CBA4D7300153662 /* ViewController.m */ = {isa = PBXFileReference; lastKnownFileType = sourcecode.c.objc; path = ViewController.m; sourceTree = "<group>"; };
		47A7B5261CBA4D7300153662 /* Base */ = {isa = PBXFileReference; lastKnownFileType = file.storyboard; name = Base; path = Base.lproj/Main.storyboard; sourceTree = "<group>"; };
		47A7B5281CBA4D7300153662 /* Assets.xcassets */ = {isa = PBXFileReference; lastKnownFileType = folder.assetcatalog; path = Assets.xcassets; sourceTree = "<group>"; };
		47A7B52B1CBA4D7300153662 /* Base */ = {isa = PBXFileReference; lastKnownFileType = file.storyboard; name = Base; path = Base.lproj/LaunchScreen.storyboard; sourceTree = "<group>"; };
		47A7B52D1CBA4D7300153662 /* Info.plist */ = {isa = PBXFileReference; lastKnownFileType = text.plist.xml; path = Info.plist; sourceTree = "<group>"; };
		47A7B5321CBA4D7300153662 /* ZJHRefreshTests.xctest */ = {isa = PBXFileReference; explicitFileType = wrapper.cfbundle; includeInIndex = 0; path = ZJHRefreshTests.xctest; sourceTree = BUILT_PRODUCTS_DIR; };
		47A7B5361CBA4D7300153662 /* ZJHRefreshTests.m */ = {isa = PBXFileReference; lastKnownFileType = sourcecode.c.objc; path = ZJHRefreshTests.m; sourceTree = "<group>"; };
		47A7B5381CBA4D7300153662 /* Info.plist */ = {isa = PBXFileReference; lastKnownFileType = text.plist.xml; path = Info.plist; sourceTree = "<group>"; };
		47A7B53D1CBA4D7300153662 /* ZJHRefreshUITests.xctest */ = {isa = PBXFileReference; explicitFileType = wrapper.cfbundle; includeInIndex = 0; path = ZJHRefreshUITests.xctest; sourceTree = BUILT_PRODUCTS_DIR; };
		47A7B5411CBA4D7300153662 /* ZJHRefreshUITests.m */ = {isa = PBXFileReference; lastKnownFileType = sourcecode.c.objc; path = ZJHRefreshUITests.m; sourceTree = "<group>"; };
		47A7B5431CBA4D7300153662 /* Info.plist */ = {isa = PBXFileReference; lastKnownFileType = text.plist.xml; path = Info.plist; sourceTree = "<group>"; };
		47AE1FD31F30202600B6E8A7 /* ZJHRefreshHeaderBaseView.h */ = {isa = PBXFileReference; fileEncoding = 4; lastKnownFileType = sourcecode.c.h; path = ZJHRefreshHeaderBaseView.h; sourceTree = "<group>"; };
		47AE1FD41F30202600B6E8A7 /* ZJHRefreshHeaderBaseView.m */ = {isa = PBXFileReference; fileEncoding = 4; lastKnownFileType = sourcecode.c.objc; path = ZJHRefreshHeaderBaseView.m; sourceTree = "<group>"; };
		47AE1FD61F30642600B6E8A7 /* ZJHRefreshHeaderSimpleStatusView.h */ = {isa = PBXFileReference; fileEncoding = 4; lastKnownFileType = sourcecode.c.h; path = ZJHRefreshHeaderSimpleStatusView.h; sourceTree = "<group>"; };
		47AE1FD71F30642600B6E8A7 /* ZJHRefreshHeaderSimpleStatusView.m */ = {isa = PBXFileReference; fileEncoding = 4; lastKnownFileType = sourcecode.c.objc; path = ZJHRefreshHeaderSimpleStatusView.m; sourceTree = "<group>"; };
		47AE1FD91F30749400B6E8A7 /* ZJHRefreshView.h */ = {isa = PBXFileReference; lastKnownFileType = sourcecode.c.h; path = ZJHRefreshView.h; sourceTree = "<group>"; };
		47AE1FDA1F307F7E00B6E8A7 /* refresh_blackArrow_down@2x.png */ = {isa = PBXFileReference; lastKnownFileType = image.png; path = "refresh_blackArrow_down@2x.png"; sourceTree = "<group>"; };
		47AE1FDC1F3081C700B6E8A7 /* ZJHRefreshHeaderAnimatePercentView.h */ = {isa = PBXFileReference; fileEncoding = 4; lastKnownFileType = sourcecode.c.h; path = ZJHRefreshHeaderAnimatePercentView.h; sourceTree = "<group>"; };
		47AE1FDD1F3081C700B6E8A7 /* ZJHRefreshHeaderAnimatePercentView.m */ = {isa = PBXFileReference; fileEncoding = 4; lastKnownFileType = sourcecode.c.objc; path = ZJHRefreshHeaderAnimatePercentView.m; sourceTree = "<group>"; };
		47AE1FDF1F30829A00B6E8A7 /* refresh_animate_percent_loading@2x.png */ = {isa = PBXFileReference; lastKnownFileType = image.png; path = "refresh_animate_percent_loading@2x.png"; sourceTree = "<group>"; };
		47AE1FE11F30942300B6E8A7 /* SimpleStatusRefreshViewController.h */ = {isa = PBXFileReference; fileEncoding = 4; lastKnownFileType = sourcecode.c.h; path = SimpleStatusRefreshViewController.h; sourceTree = "<group>"; };
		47AE1FE21F30942300B6E8A7 /* SimpleStatusRefreshViewController.m */ = {isa = PBXFileReference; fileEncoding = 4; lastKnownFileType = sourcecode.c.objc; path = SimpleStatusRefreshViewController.m; sourceTree = "<group>"; };
		47AE1FE41F30943A00B6E8A7 /* AnimatePercentRefreshViewController.h */ = {isa = PBXFileReference; fileEncoding = 4; lastKnownFileType = sourcecode.c.h; path = AnimatePercentRefreshViewController.h; sourceTree = "<group>"; };
		47AE1FE51F30943A00B6E8A7 /* AnimatePercentRefreshViewController.m */ = {isa = PBXFileReference; fileEncoding = 4; lastKnownFileType = sourcecode.c.objc; path = AnimatePercentRefreshViewController.m; sourceTree = "<group>"; };
		6B80CAB737A7874FE0F50963 /* libPods-ZJHRefresh.a */ = {isa = PBXFileReference; explicitFileType = archive.ar; includeInIndex = 0; path = "libPods-ZJHRefresh.a"; sourceTree = BUILT_PRODUCTS_DIR; };
		8F22564A49C9A3058D31D545 /* libPods-ZJHRefreshTests.a */ = {isa = PBXFileReference; explicitFileType = archive.ar; includeInIndex = 0; path = "libPods-ZJHRefreshTests.a"; sourceTree = BUILT_PRODUCTS_DIR; };
		AAE2E59512B559D170E22046 /* Pods-ZJHRefreshTests.release.xcconfig */ = {isa = PBXFileReference; includeInIndex = 1; lastKnownFileType = text.xcconfig; name = "Pods-ZJHRefreshTests.release.xcconfig"; path = "Pods/Target Support Files/Pods-ZJHRefreshTests/Pods-ZJHRefreshTests.release.xcconfig"; sourceTree = "<group>"; };
		AC2F537F73E7D7433816E00F /* libPods-ZJHRefreshUITests.a */ = {isa = PBXFileReference; explicitFileType = archive.ar; includeInIndex = 0; path = "libPods-ZJHRefreshUITests.a"; sourceTree = BUILT_PRODUCTS_DIR; };
		C4AE55FFAE0C547CCADB13E3 /* Pods-ZJHRefreshTests.debug.xcconfig */ = {isa = PBXFileReference; includeInIndex = 1; lastKnownFileType = text.xcconfig; name = "Pods-ZJHRefreshTests.debug.xcconfig"; path = "Pods/Target Support Files/Pods-ZJHRefreshTests/Pods-ZJHRefreshTests.debug.xcconfig"; sourceTree = "<group>"; };
		D74F99A3C8B2DD197AA669DE /* Pods-ZJHRefresh.debug.xcconfig */ = {isa = PBXFileReference; includeInIndex = 1; lastKnownFileType = text.xcconfig; name = "Pods-ZJHRefresh.debug.xcconfig"; path = "Pods/Target Support Files/Pods-ZJHRefresh/Pods-ZJHRefresh.debug.xcconfig"; sourceTree = "<group>"; };
		F9C4253383012754E5AF672F /* Pods-ZJHRefreshUITests.release.xcconfig */ = {isa = PBXFileReference; includeInIndex = 1; lastKnownFileType = text.xcconfig; name = "Pods-ZJHRefreshUITests.release.xcconfig"; path = "Pods/Target Support Files/Pods-ZJHRefreshUITests/Pods-ZJHRefreshUITests.release.xcconfig"; sourceTree = "<group>"; };
		FEB887C71F74DB1BA143879D /* Pods-ZJHRefresh.release.xcconfig */ = {isa = PBXFileReference; includeInIndex = 1; lastKnownFileType = text.xcconfig; name = "Pods-ZJHRefresh.release.xcconfig"; path = "Pods/Target Support Files/Pods-ZJHRefresh/Pods-ZJHRefresh.release.xcconfig"; sourceTree = "<group>"; };
		FED9544D16B0E97E88F9CC1D /* Pods-ZJHRefreshUITests.debug.xcconfig */ = {isa = PBXFileReference; includeInIndex = 1; lastKnownFileType = text.xcconfig; name = "Pods-ZJHRefreshUITests.debug.xcconfig"; path = "Pods/Target Support Files/Pods-ZJHRefreshUITests/Pods-ZJHRefreshUITests.debug.xcconfig"; sourceTree = "<group>"; };
/* End PBXFileReference section */

/* Begin PBXFrameworksBuildPhase section */
		47A7B5161CBA4D7300153662 /* Frameworks */ = {
			isa = PBXFrameworksBuildPhase;
			buildActionMask = 2147483647;
			files = (
				31A5834A82AC43C7E66DD0B7 /* libPods-ZJHRefresh.a in Frameworks */,
			);
			runOnlyForDeploymentPostprocessing = 0;
		};
		47A7B52F1CBA4D7300153662 /* Frameworks */ = {
			isa = PBXFrameworksBuildPhase;
			buildActionMask = 2147483647;
			files = (
				9E8456C689E5D46882927EB4 /* libPods-ZJHRefreshTests.a in Frameworks */,
			);
			runOnlyForDeploymentPostprocessing = 0;
		};
		47A7B53A1CBA4D7300153662 /* Frameworks */ = {
			isa = PBXFrameworksBuildPhase;
			buildActionMask = 2147483647;
			files = (
				52D3F4919713E809594B2C14 /* libPods-ZJHRefreshUITests.a in Frameworks */,
			);
			runOnlyForDeploymentPostprocessing = 0;
		};
/* End PBXFrameworksBuildPhase section */

/* Begin PBXGroup section */
		40627AFFBF64140CF251FBCB /* Frameworks */ = {
			isa = PBXGroup;
			children = (
				6B80CAB737A7874FE0F50963 /* libPods-ZJHRefresh.a */,
				8F22564A49C9A3058D31D545 /* libPods-ZJHRefreshTests.a */,
				AC2F537F73E7D7433816E00F /* libPods-ZJHRefreshUITests.a */,
			);
			name = Frameworks;
			sourceTree = "<group>";
		};
		47A7B5101CBA4D7300153662 = {
			isa = PBXGroup;
			children = (
				47A7B51B1CBA4D7300153662 /* ZJHRefresh */,
				47A7B5351CBA4D7300153662 /* ZJHRefreshTests */,
				47A7B5401CBA4D7300153662 /* ZJHRefreshUITests */,
				47A7B51A1CBA4D7300153662 /* Products */,
				D43BE71E7074C6D40C0451DF /* Pods */,
				40627AFFBF64140CF251FBCB /* Frameworks */,
			);
			sourceTree = "<group>";
		};
		47A7B51A1CBA4D7300153662 /* Products */ = {
			isa = PBXGroup;
			children = (
				47A7B5191CBA4D7300153662 /* ZJHRefresh.app */,
				47A7B5321CBA4D7300153662 /* ZJHRefreshTests.xctest */,
				47A7B53D1CBA4D7300153662 /* ZJHRefreshUITests.xctest */,
			);
			name = Products;
			sourceTree = "<group>";
		};
		47A7B51B1CBA4D7300153662 /* ZJHRefresh */ = {
			isa = PBXGroup;
			children = (
				47A7B51F1CBA4D7300153662 /* AppDelegate.h */,
				47A7B5201CBA4D7300153662 /* AppDelegate.m */,
				47A7B5221CBA4D7300153662 /* ViewController.h */,
				47A7B5231CBA4D7300153662 /* ViewController.m */,
				47AE1FE11F30942300B6E8A7 /* SimpleStatusRefreshViewController.h */,
				47AE1FE21F30942300B6E8A7 /* SimpleStatusRefreshViewController.m */,
				47AE1FE41F30943A00B6E8A7 /* AnimatePercentRefreshViewController.h */,
				47AE1FE51F30943A00B6E8A7 /* AnimatePercentRefreshViewController.m */,
				47AE1FD21F30202600B6E8A7 /* RefreshHeaderView */,
				47A7B51C1CBA4D7300153662 /* Supporting Files */,
			);
			path = ZJHRefresh;
			sourceTree = "<group>";
		};
		47A7B51C1CBA4D7300153662 /* Supporting Files */ = {
			isa = PBXGroup;
			children = (
				47A7B51D1CBA4D7300153662 /* main.m */,
				47A7B5251CBA4D7300153662 /* Main.storyboard */,
				47A7B5281CBA4D7300153662 /* Assets.xcassets */,
				47A7B52A1CBA4D7300153662 /* LaunchScreen.storyboard */,
				47A7B52D1CBA4D7300153662 /* Info.plist */,
			);
			name = "Supporting Files";
			sourceTree = "<group>";
		};
		47A7B5351CBA4D7300153662 /* ZJHRefreshTests */ = {
			isa = PBXGroup;
			children = (
				47A7B5361CBA4D7300153662 /* ZJHRefreshTests.m */,
				47A7B5381CBA4D7300153662 /* Info.plist */,
			);
			path = ZJHRefreshTests;
			sourceTree = "<group>";
		};
		47A7B5401CBA4D7300153662 /* ZJHRefreshUITests */ = {
			isa = PBXGroup;
			children = (
				47A7B5411CBA4D7300153662 /* ZJHRefreshUITests.m */,
				47A7B5431CBA4D7300153662 /* Info.plist */,
			);
			path = ZJHRefreshUITests;
			sourceTree = "<group>";
		};
		47AE1FD21F30202600B6E8A7 /* RefreshHeaderView */ = {
			isa = PBXGroup;
			children = (
				47AE1FDA1F307F7E00B6E8A7 /* refresh_blackArrow_down@2x.png */,
				47AE1FDF1F30829A00B6E8A7 /* refresh_animate_percent_loading@2x.png */,
				47AE1FD91F30749400B6E8A7 /* ZJHRefreshView.h */,
				47AE1FD31F30202600B6E8A7 /* ZJHRefreshHeaderBaseView.h */,
				47AE1FD41F30202600B6E8A7 /* ZJHRefreshHeaderBaseView.m */,
				47AE1FD61F30642600B6E8A7 /* ZJHRefreshHeaderSimpleStatusView.h */,
				47AE1FD71F30642600B6E8A7 /* ZJHRefreshHeaderSimpleStatusView.m */,
				47AE1FDC1F3081C700B6E8A7 /* ZJHRefreshHeaderAnimatePercentView.h */,
				47AE1FDD1F3081C700B6E8A7 /* ZJHRefreshHeaderAnimatePercentView.m */,
			);
			path = RefreshHeaderView;
			sourceTree = "<group>";
		};
		D43BE71E7074C6D40C0451DF /* Pods */ = {
			isa = PBXGroup;
			children = (
				D74F99A3C8B2DD197AA669DE /* Pods-ZJHRefresh.debug.xcconfig */,
				FEB887C71F74DB1BA143879D /* Pods-ZJHRefresh.release.xcconfig */,
				C4AE55FFAE0C547CCADB13E3 /* Pods-ZJHRefreshTests.debug.xcconfig */,
				AAE2E59512B559D170E22046 /* Pods-ZJHRefreshTests.release.xcconfig */,
				FED9544D16B0E97E88F9CC1D /* Pods-ZJHRefreshUITests.debug.xcconfig */,
				F9C4253383012754E5AF672F /* Pods-ZJHRefreshUITests.release.xcconfig */,
			);
			name = Pods;
			sourceTree = "<group>";
		};
/* End PBXGroup section */

/* Begin PBXNativeTarget section */
		47A7B5181CBA4D7300153662 /* ZJHRefresh */ = {
			isa = PBXNativeTarget;
			buildConfigurationList = 47A7B5461CBA4D7300153662 /* Build configuration list for PBXNativeTarget "ZJHRefresh" */;
			buildPhases = (
				989C76F05F8F79BF0987B29B /* [CP] Check Pods Manifest.lock */,
				47A7B5151CBA4D7300153662 /* Sources */,
				47A7B5161CBA4D7300153662 /* Frameworks */,
				47A7B5171CBA4D7300153662 /* Resources */,
				B9E6D545A74299C11FD77C82 /* [CP] Embed Pods Frameworks */,
				C6C6C755E16766AE2E6A578D /* [CP] Copy Pods Resources */,
			);
			buildRules = (
			);
			dependencies = (
			);
			name = ZJHRefresh;
			productName = ZJHRefresh;
			productReference = 47A7B5191CBA4D7300153662 /* ZJHRefresh.app */;
			productType = "com.apple.product-type.application";
		};
		47A7B5311CBA4D7300153662 /* ZJHRefreshTests */ = {
			isa = PBXNativeTarget;
			buildConfigurationList = 47A7B5491CBA4D7300153662 /* Build configuration list for PBXNativeTarget "ZJHRefreshTests" */;
			buildPhases = (
				E0A3E87B654BD9ADF144C87B /* [CP] Check Pods Manifest.lock */,
				47A7B52E1CBA4D7300153662 /* Sources */,
				47A7B52F1CBA4D7300153662 /* Frameworks */,
				47A7B5301CBA4D7300153662 /* Resources */,
				9CE2B772EFEE97F78FD62FB7 /* [CP] Embed Pods Frameworks */,
				1CACF8D4ED122C83E51CD390 /* [CP] Copy Pods Resources */,
			);
			buildRules = (
			);
			dependencies = (
				47A7B5341CBA4D7300153662 /* PBXTargetDependency */,
			);
			name = ZJHRefreshTests;
			productName = ZJHRefreshTests;
			productReference = 47A7B5321CBA4D7300153662 /* ZJHRefreshTests.xctest */;
			productType = "com.apple.product-type.bundle.unit-test";
		};
		47A7B53C1CBA4D7300153662 /* ZJHRefreshUITests */ = {
			isa = PBXNativeTarget;
			buildConfigurationList = 47A7B54C1CBA4D7300153662 /* Build configuration list for PBXNativeTarget "ZJHRefreshUITests" */;
			buildPhases = (
				572C7F2E4680D7D58B63CDA6 /* [CP] Check Pods Manifest.lock */,
				47A7B5391CBA4D7300153662 /* Sources */,
				47A7B53A1CBA4D7300153662 /* Frameworks */,
				47A7B53B1CBA4D7300153662 /* Resources */,
				44D9B593675AD9CEED654911 /* [CP] Embed Pods Frameworks */,
				F0EE12F3A8A8D274EDC98953 /* [CP] Copy Pods Resources */,
			);
			buildRules = (
			);
			dependencies = (
				47A7B53F1CBA4D7300153662 /* PBXTargetDependency */,
			);
			name = ZJHRefreshUITests;
			productName = ZJHRefreshUITests;
			productReference = 47A7B53D1CBA4D7300153662 /* ZJHRefreshUITests.xctest */;
			productType = "com.apple.product-type.bundle.ui-testing";
		};
/* End PBXNativeTarget section */

/* Begin PBXProject section */
		47A7B5111CBA4D7300153662 /* Project object */ = {
			isa = PBXProject;
			attributes = {
				LastUpgradeCheck = 0730;
				ORGANIZATIONNAME = zjh;
				TargetAttributes = {
					47A7B5181CBA4D7300153662 = {
						CreatedOnToolsVersion = 7.3;
					};
					47A7B5311CBA4D7300153662 = {
						CreatedOnToolsVersion = 7.3;
						TestTargetID = 47A7B5181CBA4D7300153662;
					};
					47A7B53C1CBA4D7300153662 = {
						CreatedOnToolsVersion = 7.3;
						TestTargetID = 47A7B5181CBA4D7300153662;
					};
				};
			};
			buildConfigurationList = 47A7B5141CBA4D7300153662 /* Build configuration list for PBXProject "ZJHRefresh" */;
			compatibilityVersion = "Xcode 3.2";
			developmentRegion = English;
			hasScannedForEncodings = 0;
			knownRegions = (
				en,
				Base,
			);
			mainGroup = 47A7B5101CBA4D7300153662;
			productRefGroup = 47A7B51A1CBA4D7300153662 /* Products */;
			projectDirPath = "";
			projectRoot = "";
			targets = (
				47A7B5181CBA4D7300153662 /* ZJHRefresh */,
				47A7B5311CBA4D7300153662 /* ZJHRefreshTests */,
				47A7B53C1CBA4D7300153662 /* ZJHRefreshUITests */,
			);
		};
/* End PBXProject section */

/* Begin PBXResourcesBuildPhase section */
		47A7B5171CBA4D7300153662 /* Resources */ = {
			isa = PBXResourcesBuildPhase;
			buildActionMask = 2147483647;
			files = (
				47AE1FDB1F307F7E00B6E8A7 /* refresh_blackArrow_down@2x.png in Resources */,
				47A7B52C1CBA4D7300153662 /* LaunchScreen.storyboard in Resources */,
				47A7B5291CBA4D7300153662 /* Assets.xcassets in Resources */,
				47A7B5271CBA4D7300153662 /* Main.storyboard in Resources */,
				47AE1FE01F30829A00B6E8A7 /* refresh_animate_percent_loading@2x.png in Resources */,
			);
			runOnlyForDeploymentPostprocessing = 0;
		};
		47A7B5301CBA4D7300153662 /* Resources */ = {
			isa = PBXResourcesBuildPhase;
			buildActionMask = 2147483647;
			files = (
			);
			runOnlyForDeploymentPostprocessing = 0;
		};
		47A7B53B1CBA4D7300153662 /* Resources */ = {
			isa = PBXResourcesBuildPhase;
			buildActionMask = 2147483647;
			files = (
			);
			runOnlyForDeploymentPostprocessing = 0;
		};
/* End PBXResourcesBuildPhase section */

/* Begin PBXShellScriptBuildPhase section */
		1CACF8D4ED122C83E51CD390 /* [CP] Copy Pods Resources */ = {
			isa = PBXShellScriptBuildPhase;
			buildActionMask = 2147483647;
			files = (
			);
			inputPaths = (
			);
			name = "[CP] Copy Pods Resources";
			outputPaths = (
			);
			runOnlyForDeploymentPostprocessing = 0;
			shellPath = /bin/sh;
			shellScript = "\"${SRCROOT}/Pods/Target Support Files/Pods-ZJHRefreshTests/Pods-ZJHRefreshTests-resources.sh\"\n";
			showEnvVarsInLog = 0;
		};
		44D9B593675AD9CEED654911 /* [CP] Embed Pods Frameworks */ = {
			isa = PBXShellScriptBuildPhase;
			buildActionMask = 2147483647;
			files = (
			);
			inputPaths = (
			);
			name = "[CP] Embed Pods Frameworks";
			outputPaths = (
			);
			runOnlyForDeploymentPostprocessing = 0;
			shellPath = /bin/sh;
			shellScript = "\"${SRCROOT}/Pods/Target Support Files/Pods-ZJHRefreshUITests/Pods-ZJHRefreshUITests-frameworks.sh\"\n";
			showEnvVarsInLog = 0;
		};
		572C7F2E4680D7D58B63CDA6 /* [CP] Check Pods Manifest.lock */ = {
			isa = PBXShellScriptBuildPhase;
			buildActionMask = 2147483647;
			files = (
			);
			inputPaths = (
			);
			name = "[CP] Check Pods Manifest.lock";
			outputPaths = (
			);
			runOnlyForDeploymentPostprocessing = 0;
			shellPath = /bin/sh;
			shellScript = "diff \"${PODS_PODFILE_DIR_PATH}/Podfile.lock\" \"${PODS_ROOT}/Manifest.lock\" > /dev/null\nif [ $? != 0 ] ; then\n    # print error to STDERR\n    echo \"error: The sandbox is not in sync with the Podfile.lock. Run 'pod install' or update your CocoaPods installation.\" >&2\n    exit 1\nfi\n";
			showEnvVarsInLog = 0;
		};
		989C76F05F8F79BF0987B29B /* [CP] Check Pods Manifest.lock */ = {
			isa = PBXShellScriptBuildPhase;
			buildActionMask = 2147483647;
			files = (
			);
			inputPaths = (
			);
			name = "[CP] Check Pods Manifest.lock";
			outputPaths = (
			);
			runOnlyForDeploymentPostprocessing = 0;
			shellPath = /bin/sh;
			shellScript = "diff \"${PODS_PODFILE_DIR_PATH}/Podfile.lock\" \"${PODS_ROOT}/Manifest.lock\" > /dev/null\nif [ $? != 0 ] ; then\n    # print error to STDERR\n    echo \"error: The sandbox is not in sync with the Podfile.lock. Run 'pod install' or update your CocoaPods installation.\" >&2\n    exit 1\nfi\n";
			showEnvVarsInLog = 0;
		};
		9CE2B772EFEE97F78FD62FB7 /* [CP] Embed Pods Frameworks */ = {
			isa = PBXShellScriptBuildPhase;
			buildActionMask = 2147483647;
			files = (
			);
			inputPaths = (
			);
			name = "[CP] Embed Pods Frameworks";
			outputPaths = (
			);
			runOnlyForDeploymentPostprocessing = 0;
			shellPath = /bin/sh;
			shellScript = "\"${SRCROOT}/Pods/Target Support Files/Pods-ZJHRefreshTests/Pods-ZJHRefreshTests-frameworks.sh\"\n";
			showEnvVarsInLog = 0;
		};
		B9E6D545A74299C11FD77C82 /* [CP] Embed Pods Frameworks */ = {
			isa = PBXShellScriptBuildPhase;
			buildActionMask = 2147483647;
			files = (
			);
			inputPaths = (
			);
			name = "[CP] Embed Pods Frameworks";
			outputPaths = (
			);
			runOnlyForDeploymentPostprocessing = 0;
			shellPath = /bin/sh;
			shellScript = "\"${SRCROOT}/Pods/Target Support Files/Pods-ZJHRefresh/Pods-ZJHRefresh-frameworks.sh\"\n";
			showEnvVarsInLog = 0;
		};
		C6C6C755E16766AE2E6A578D /* [CP] Copy Pods Resources */ = {
			isa = PBXShellScriptBuildPhase;
			buildActionMask = 2147483647;
			files = (
			);
			inputPaths = (
			);
			name = "[CP] Copy Pods Resources";
			outputPaths = (
			);
			runOnlyForDeploymentPostprocessing = 0;
			shellPath = /bin/sh;
			shellScript = "\"${SRCROOT}/Pods/Target Support Files/Pods-ZJHRefresh/Pods-ZJHRefresh-resources.sh\"\n";
			showEnvVarsInLog = 0;
		};
		E0A3E87B654BD9ADF144C87B /* [CP] Check Pods Manifest.lock */ = {
			isa = PBXShellScriptBuildPhase;
			buildActionMask = 2147483647;
			files = (
			);
			inputPaths = (
			);
			name = "[CP] Check Pods Manifest.lock";
			outputPaths = (
			);
			runOnlyForDeploymentPostprocessing = 0;
			shellPath = /bin/sh;
			shellScript = "diff \"${PODS_PODFILE_DIR_PATH}/Podfile.lock\" \"${PODS_ROOT}/Manifest.lock\" > /dev/null\nif [ $? != 0 ] ; then\n    # print error to STDERR\n    echo \"error: The sandbox is not in sync with the Podfile.lock. Run 'pod install' or update your CocoaPods installation.\" >&2\n    exit 1\nfi\n";
			showEnvVarsInLog = 0;
		};
		F0EE12F3A8A8D274EDC98953 /* [CP] Copy Pods Resources */ = {
			isa = PBXShellScriptBuildPhase;
			buildActionMask = 2147483647;
			files = (
			);
			inputPaths = (
			);
			name = "[CP] Copy Pods Resources";
			outputPaths = (
			);
			runOnlyForDeploymentPostprocessing = 0;
			shellPath = /bin/sh;
			shellScript = "\"${SRCROOT}/Pods/Target Support Files/Pods-ZJHRefreshUITests/Pods-ZJHRefreshUITests-resources.sh\"\n";
			showEnvVarsInLog = 0;
		};
/* End PBXShellScriptBuildPhase section */

/* Begin PBXSourcesBuildPhase section */
		47A7B5151CBA4D7300153662 /* Sources */ = {
			isa = PBXSourcesBuildPhase;
			buildActionMask = 2147483647;
			files = (
				47A7B5241CBA4D7300153662 /* ViewController.m in Sources */,
				47A7B5211CBA4D7300153662 /* AppDelegate.m in Sources */,
				47A7B51E1CBA4D7300153662 /* main.m in Sources */,
				47AE1FD81F30642600B6E8A7 /* ZJHRefreshHeaderSimpleStatusView.m in Sources */,
				47AE1FDE1F3081C700B6E8A7 /* ZJHRefreshHeaderAnimatePercentView.m in Sources */,
				47AE1FD51F30202600B6E8A7 /* ZJHRefreshHeaderBaseView.m in Sources */,
				47AE1FE61F30943A00B6E8A7 /* AnimatePercentRefreshViewController.m in Sources */,
				47AE1FE31F30942300B6E8A7 /* SimpleStatusRefreshViewController.m in Sources */,
			);
			runOnlyForDeploymentPostprocessing = 0;
		};
		47A7B52E1CBA4D7300153662 /* Sources */ = {
			isa = PBXSourcesBuildPhase;
			buildActionMask = 2147483647;
			files = (
				47A7B5371CBA4D7300153662 /* ZJHRefreshTests.m in Sources */,
			);
			runOnlyForDeploymentPostprocessing = 0;
		};
		47A7B5391CBA4D7300153662 /* Sources */ = {
			isa = PBXSourcesBuildPhase;
			buildActionMask = 2147483647;
			files = (
				47A7B5421CBA4D7300153662 /* ZJHRefreshUITests.m in Sources */,
			);
			runOnlyForDeploymentPostprocessing = 0;
		};
/* End PBXSourcesBuildPhase section */

/* Begin PBXTargetDependency section */
		47A7B5341CBA4D7300153662 /* PBXTargetDependency */ = {
			isa = PBXTargetDependency;
			target = 47A7B5181CBA4D7300153662 /* ZJHRefresh */;
			targetProxy = 47A7B5331CBA4D7300153662 /* PBXContainerItemProxy */;
		};
		47A7B53F1CBA4D7300153662 /* PBXTargetDependency */ = {
			isa = PBXTargetDependency;
			target = 47A7B5181CBA4D7300153662 /* ZJHRefresh */;
			targetProxy = 47A7B53E1CBA4D7300153662 /* PBXContainerItemProxy */;
		};
/* End PBXTargetDependency section */

/* Begin PBXVariantGroup section */
		47A7B5251CBA4D7300153662 /* Main.storyboard */ = {
			isa = PBXVariantGroup;
			children = (
				47A7B5261CBA4D7300153662 /* Base */,
			);
			name = Main.storyboard;
			sourceTree = "<group>";
		};
		47A7B52A1CBA4D7300153662 /* LaunchScreen.storyboard */ = {
			isa = PBXVariantGroup;
			children = (
				47A7B52B1CBA4D7300153662 /* Base */,
			);
			name = LaunchScreen.storyboard;
			sourceTree = "<group>";
		};
/* End PBXVariantGroup section */

/* Begin XCBuildConfiguration section */
		47A7B5441CBA4D7300153662 /* Debug */ = {
			isa = XCBuildConfiguration;
			buildSettings = {
				ALWAYS_SEARCH_USER_PATHS = NO;
				CLANG_ANALYZER_NONNULL = YES;
				CLANG_CXX_LANGUAGE_STANDARD = "gnu++0x";
				CLANG_CXX_LIBRARY = "libc++";
				CLANG_ENABLE_MODULES = YES;
				CLANG_ENABLE_OBJC_ARC = YES;
				CLANG_WARN_BOOL_CONVERSION = YES;
				CLANG_WARN_CONSTANT_CONVERSION = YES;
				CLANG_WARN_DIRECT_OBJC_ISA_USAGE = YES_ERROR;
				CLANG_WARN_EMPTY_BODY = YES;
				CLANG_WARN_ENUM_CONVERSION = YES;
				CLANG_WARN_INT_CONVERSION = YES;
				CLANG_WARN_OBJC_ROOT_CLASS = YES_ERROR;
				CLANG_WARN_UNREACHABLE_CODE = YES;
				CLANG_WARN__DUPLICATE_METHOD_MATCH = YES;
				"CODE_SIGN_IDENTITY[sdk=iphoneos*]" = "iPhone Developer";
				COPY_PHASE_STRIP = NO;
				DEBUG_INFORMATION_FORMAT = dwarf;
				ENABLE_STRICT_OBJC_MSGSEND = YES;
				ENABLE_TESTABILITY = YES;
				GCC_C_LANGUAGE_STANDARD = gnu99;
				GCC_DYNAMIC_NO_PIC = NO;
				GCC_NO_COMMON_BLOCKS = YES;
				GCC_OPTIMIZATION_LEVEL = 0;
				GCC_PREPROCESSOR_DEFINITIONS = (
					"DEBUG=1",
					"$(inherited)",
				);
				GCC_WARN_64_TO_32_BIT_CONVERSION = YES;
				GCC_WARN_ABOUT_RETURN_TYPE = YES_ERROR;
				GCC_WARN_UNDECLARED_SELECTOR = YES;
				GCC_WARN_UNINITIALIZED_AUTOS = YES_AGGRESSIVE;
				GCC_WARN_UNUSED_FUNCTION = YES;
				GCC_WARN_UNUSED_VARIABLE = YES;
				IPHONEOS_DEPLOYMENT_TARGET = 9.3;
				MTL_ENABLE_DEBUG_INFO = YES;
				ONLY_ACTIVE_ARCH = YES;
				SDKROOT = iphoneos;
			};
			name = Debug;
		};
		47A7B5451CBA4D7300153662 /* Release */ = {
			isa = XCBuildConfiguration;
			buildSettings = {
				ALWAYS_SEARCH_USER_PATHS = NO;
				CLANG_ANALYZER_NONNULL = YES;
				CLANG_CXX_LANGUAGE_STANDARD = "gnu++0x";
				CLANG_CXX_LIBRARY = "libc++";
				CLANG_ENABLE_MODULES = YES;
				CLANG_ENABLE_OBJC_ARC = YES;
				CLANG_WARN_BOOL_CONVERSION = YES;
				CLANG_WARN_CONSTANT_CONVERSION = YES;
				CLANG_WARN_DIRECT_OBJC_ISA_USAGE = YES_ERROR;
				CLANG_WARN_EMPTY_BODY = YES;
				CLANG_WARN_ENUM_CONVERSION = YES;
				CLANG_WARN_INT_CONVERSION = YES;
				CLANG_WARN_OBJC_ROOT_CLASS = YES_ERROR;
				CLANG_WARN_UNREACHABLE_CODE = YES;
				CLANG_WARN__DUPLICATE_METHOD_MATCH = YES;
				"CODE_SIGN_IDENTITY[sdk=iphoneos*]" = "iPhone Developer";
				COPY_PHASE_STRIP = NO;
				DEBUG_INFORMATION_FORMAT = "dwarf-with-dsym";
				ENABLE_NS_ASSERTIONS = NO;
				ENABLE_STRICT_OBJC_MSGSEND = YES;
				GCC_C_LANGUAGE_STANDARD = gnu99;
				GCC_NO_COMMON_BLOCKS = YES;
				GCC_WARN_64_TO_32_BIT_CONVERSION = YES;
				GCC_WARN_ABOUT_RETURN_TYPE = YES_ERROR;
				GCC_WARN_UNDECLARED_SELECTOR = YES;
				GCC_WARN_UNINITIALIZED_AUTOS = YES_AGGRESSIVE;
				GCC_WARN_UNUSED_FUNCTION = YES;
				GCC_WARN_UNUSED_VARIABLE = YES;
				IPHONEOS_DEPLOYMENT_TARGET = 9.3;
				MTL_ENABLE_DEBUG_INFO = NO;
				SDKROOT = iphoneos;
				VALIDATE_PRODUCT = YES;
			};
			name = Release;
		};
		47A7B5471CBA4D7300153662 /* Debug */ = {
			isa = XCBuildConfiguration;
			baseConfigurationReference = D74F99A3C8B2DD197AA669DE /* Pods-ZJHRefresh.debug.xcconfig */;
			buildSettings = {
				ASSETCATALOG_COMPILER_APPICON_NAME = AppIcon;
				ENABLE_STRICT_OBJC_MSGSEND = NO;
				INFOPLIST_FILE = ZJHRefresh/Info.plist;
				IPHONEOS_DEPLOYMENT_TARGET = 8.0;
				LD_RUNPATH_SEARCH_PATHS = "$(inherited) @executable_path/Frameworks";
				PRODUCT_BUNDLE_IDENTIFIER = zjh.ZJHRefresh;
				PRODUCT_NAME = "$(TARGET_NAME)";
			};
			name = Debug;
		};
		47A7B5481CBA4D7300153662 /* Release */ = {
			isa = XCBuildConfiguration;
			baseConfigurationReference = FEB887C71F74DB1BA143879D /* Pods-ZJHRefresh.release.xcconfig */;
			buildSettings = {
				ASSETCATALOG_COMPILER_APPICON_NAME = AppIcon;
				ENABLE_STRICT_OBJC_MSGSEND = NO;
				INFOPLIST_FILE = ZJHRefresh/Info.plist;
				IPHONEOS_DEPLOYMENT_TARGET = 8.0;
				LD_RUNPATH_SEARCH_PATHS = "$(inherited) @executable_path/Frameworks";
				PRODUCT_BUNDLE_IDENTIFIER = zjh.ZJHRefresh;
				PRODUCT_NAME = "$(TARGET_NAME)";
			};
			name = Release;
		};
		47A7B54A1CBA4D7300153662 /* Debug */ = {
			isa = XCBuildConfiguration;
			baseConfigurationReference = C4AE55FFAE0C547CCADB13E3 /* Pods-ZJHRefreshTests.debug.xcconfig */;
			buildSettings = {
				BUNDLE_LOADER = "$(TEST_HOST)";
				INFOPLIST_FILE = ZJHRefreshTests/Info.plist;
				LD_RUNPATH_SEARCH_PATHS = "$(inherited) @executable_path/Frameworks @loader_path/Frameworks";
				PRODUCT_BUNDLE_IDENTIFIER = zjh.ZJHRefreshTests;
				PRODUCT_NAME = "$(TARGET_NAME)";
				TEST_HOST = "$(BUILT_PRODUCTS_DIR)/ZJHRefresh.app/ZJHRefresh";
			};
			name = Debug;
		};
		47A7B54B1CBA4D7300153662 /* Release */ = {
			isa = XCBuildConfiguration;
			baseConfigurationReference = AAE2E59512B559D170E22046 /* Pods-ZJHRefreshTests.release.xcconfig */;
			buildSettings = {
				BUNDLE_LOADER = "$(TEST_HOST)";
				INFOPLIST_FILE = ZJHRefreshTests/Info.plist;
				LD_RUNPATH_SEARCH_PATHS = "$(inherited) @executable_path/Frameworks @loader_path/Frameworks";
				PRODUCT_BUNDLE_IDENTIFIER = zjh.ZJHRefreshTests;
				PRODUCT_NAME = "$(TARGET_NAME)";
				TEST_HOST = "$(BUILT_PRODUCTS_DIR)/ZJHRefresh.app/ZJHRefresh";
			};
			name = Release;
		};
		47A7B54D1CBA4D7300153662 /* Debug */ = {
			isa = XCBuildConfiguration;
			baseConfigurationReference = FED9544D16B0E97E88F9CC1D /* Pods-ZJHRefreshUITests.debug.xcconfig */;
			buildSettings = {
				INFOPLIST_FILE = ZJHRefreshUITests/Info.plist;
				LD_RUNPATH_SEARCH_PATHS = "$(inherited) @executable_path/Frameworks @loader_path/Frameworks";
				PRODUCT_BUNDLE_IDENTIFIER = zjh.ZJHRefreshUITests;
				PRODUCT_NAME = "$(TARGET_NAME)";
				TEST_TARGET_NAME = ZJHRefresh;
			};
			name = Debug;
		};
		47A7B54E1CBA4D7300153662 /* Release */ = {
			isa = XCBuildConfiguration;
			baseConfigurationReference = F9C4253383012754E5AF672F /* Pods-ZJHRefreshUITests.release.xcconfig */;
			buildSettings = {
				INFOPLIST_FILE = ZJHRefreshUITests/Info.plist;
				LD_RUNPATH_SEARCH_PATHS = "$(inherited) @executable_path/Frameworks @loader_path/Frameworks";
				PRODUCT_BUNDLE_IDENTIFIER = zjh.ZJHRefreshUITests;
				PRODUCT_NAME = "$(TARGET_NAME)";
				TEST_TARGET_NAME = ZJHRefresh;
			};
			name = Release;
		};
/* End XCBuildConfiguration section */

/* Begin XCConfigurationList section */
		47A7B5141CBA4D7300153662 /* Build configuration list for PBXProject "ZJHRefresh" */ = {
			isa = XCConfigurationList;
			buildConfigurations = (
				47A7B5441CBA4D7300153662 /* Debug */,
				47A7B5451CBA4D7300153662 /* Release */,
			);
			defaultConfigurationIsVisible = 0;
			defaultConfigurationName = Release;
		};
		47A7B5461CBA4D7300153662 /* Build configuration list for PBXNativeTarget "ZJHRefresh" */ = {
			isa = XCConfigurationList;
			buildConfigurations = (
				47A7B5471CBA4D7300153662 /* Debug */,
				47A7B5481CBA4D7300153662 /* Release */,
			);
			defaultConfigurationIsVisible = 0;
			defaultConfigurationName = Release;
		};
		47A7B5491CBA4D7300153662 /* Build configuration list for PBXNativeTarget "ZJHRefreshTests" */ = {
			isa = XCConfigurationList;
			buildConfigurations = (
				47A7B54A1CBA4D7300153662 /* Debug */,
				47A7B54B1CBA4D7300153662 /* Release */,
			);
			defaultConfigurationIsVisible = 0;
			defaultConfigurationName = Release;
		};
		47A7B54C1CBA4D7300153662 /* Build configuration list for PBXNativeTarget "ZJHRefreshUITests" */ = {
			isa = XCConfigurationList;
			buildConfigurations = (
				47A7B54D1CBA4D7300153662 /* Debug */,
				47A7B54E1CBA4D7300153662 /* Release */,
			);
			defaultConfigurationIsVisible = 0;
			defaultConfigurationName = Release;
		};
/* End XCConfigurationList section */
	};
	rootObject = 47A7B5111CBA4D7300153662 /* Project object */;
}
